
Microsoft Visual Studio Solution File, Format Version 12.00
# Visual Studio 15
VisualStudioVersion = 15.0.27703.2047
MinimumVisualStudioVersion = 10.0.40219.1
Project("{9A19103F-16F7-4668-BE54-9A1E7A4F7556}") = "BusinessLogic", "ProjektTPA.Lib\BusinessLogic.csproj", "{5465E1D6-3EB7-47EC-8B2C-963ADF5126A8}"
EndProject
Project("{FAE04EC0-301F-11D3-BF4B-00C04F79EFBC}") = "ProjektTPA.WPF", "ProjektTPA.WPF\ProjektTPA.WPF.csproj", "{C3ED5C79-20EA-4B7B-A9AB-1CA3F2CEB826}"
EndProject
Project("{2150E333-8FDC-42A3-9474-1A3956D46DE8}") = "Logging", "Logging", "{F96DC03F-654E-4BD5-9008-6080730DAC92}"
EndProject
Project("{FAE04EC0-301F-11D3-BF4B-00C04F79EFBC}") = "DatabaseLogging", "DatabaseLogging\DatabaseLogging.csproj", "{0C43E0FC-C305-4665-B748-2DB97976817F}"
EndProject
Project("{FAE04EC0-301F-11D3-BF4B-00C04F79EFBC}") = "FileLogging", "FileLogging\FileLogging.csproj", "{393A307D-B654-4112-B94C-7388AADE9EAD}"
EndProject
Project("{2150E333-8FDC-42A3-9474-1A3956D46DE8}") = "Plugins", "Plugins", "{B14B79E9-FD44-4AD6-8D13-9D7CEA08D2D6}"
EndProject
Project("{2150E333-8FDC-42A3-9474-1A3956D46DE8}") = "Serializing", "Serializing", "{25A4378D-162F-42F1-8990-A0D225F93C91}"
EndProject
Project("{FAE04EC0-301F-11D3-BF4B-00C04F79EFBC}") = "FileSerializer", "FileSerializer\FileSerializer.csproj", "{4AD521ED-3A17-4A9A-9279-3A93F46D9D93}"
EndProject
Project("{FAE04EC0-301F-11D3-BF4B-00C04F79EFBC}") = "ViewModel", "ViewModel\ViewModel.csproj", "{E180F714-7529-4727-B082-715A08AB3681}"
EndProject
Project("{FAE04EC0-301F-11D3-BF4B-00C04F79EFBC}") = "DtoLayer", "DtoLayer\DtoLayer.csproj", "{A787E354-2339-4834-B6A9-FB495E2BF362}"
EndProject
Project("{FAE04EC0-301F-11D3-BF4B-00C04F79EFBC}") = "MEF", "MEF\MEF.csproj", "{F1AF2B6D-BF02-4846-88E3-823AF9D833C4}"
EndProject
Project("{FAE04EC0-301F-11D3-BF4B-00C04F79EFBC}") = "ConsoleApplication", "ConsoleApplication\ConsoleApplication.csproj", "{864E7FEB-D232-4B94-924A-CE601AC6409F}"
EndProject
Project("{FAE04EC0-301F-11D3-BF4B-00C04F79EFBC}") = "DatabaseSerializer", "DatabaseSerializer\DatabaseSerializer.csproj", "{D8068C2E-5257-4977-ACC7-433C35338ED8}"
EndProject
Project("{2150E333-8FDC-42A3-9474-1A3956D46DE8}") = "Tests", "Tests", "{C9CA31B3-EA45-4B5E-A032-02599EDBBA94}"
EndProject
Project("{FAE04EC0-301F-11D3-BF4B-00C04F79EFBC}") = "BusinessLogicTests", "BusinessLogicTests\BusinessLogicTests.csproj", "{0A39B37F-0AE3-4ACA-BFAB-393E633EC54A}"
EndProject
Project("{FAE04EC0-301F-11D3-BF4B-00C04F79EFBC}") = "ViewModelTests", "UnitTestProject1\ViewModelTests.csproj", "{B7C31A14-EDCE-4B2F-A9CB-B4BAB1394B26}"
EndProject
Project("{FAE04EC0-301F-11D3-BF4B-00C04F79EFBC}") = "DatabaseTests", "DatabaseTests\DatabaseTests.csproj", "{782D187F-1894-48E0-BE16-85C7543936AD}"
EndProject
Project("{2150E333-8FDC-42A3-9474-1A3956D46DE8}") = "Solution Items", "Solution Items", "{A0A43570-A054-425E-AEFA-6C462E5781CB}"
	ProjectSection(SolutionItems) = preProject
		CodeMap1.dgml = CodeMap1.dgml
		test.dll = test.dll
	EndProjectSection
EndProject
Project("{FAE04EC0-301F-11D3-BF4B-00C04F79EFBC}") = "FileTests", "FileTests\FileTests.csproj", "{C5779243-E807-4228-9B67-932489D7DC35}"
EndProject
Project("{FAE04EC0-301F-11D3-BF4B-00C04F79EFBC}") = "Databases", "Databases\Databases.csproj", "{2CF2CDCC-5F8D-42A6-A853-7DA251854B5D}"
EndProject
Global
	GlobalSection(SolutionConfigurationPlatforms) = preSolution
		Debug|Any CPU = Debug|Any CPU
		Release|Any CPU = Release|Any CPU
	EndGlobalSection
	GlobalSection(ProjectConfigurationPlatforms) = postSolution
		{5465E1D6-3EB7-47EC-8B2C-963ADF5126A8}.Debug|Any CPU.ActiveCfg = Debug|Any CPU
		{5465E1D6-3EB7-47EC-8B2C-963ADF5126A8}.Debug|Any CPU.Build.0 = Debug|Any CPU
		{5465E1D6-3EB7-47EC-8B2C-963ADF5126A8}.Release|Any CPU.ActiveCfg = Release|Any CPU
		{5465E1D6-3EB7-47EC-8B2C-963ADF5126A8}.Release|Any CPU.Build.0 = Release|Any CPU
		{C3ED5C79-20EA-4B7B-A9AB-1CA3F2CEB826}.Debug|Any CPU.ActiveCfg = Debug|Any CPU
		{C3ED5C79-20EA-4B7B-A9AB-1CA3F2CEB826}.Debug|Any CPU.Build.0 = Debug|Any CPU
		{C3ED5C79-20EA-4B7B-A9AB-1CA3F2CEB826}.Release|Any CPU.ActiveCfg = Release|Any CPU
		{C3ED5C79-20EA-4B7B-A9AB-1CA3F2CEB826}.Release|Any CPU.Build.0 = Release|Any CPU
		{0C43E0FC-C305-4665-B748-2DB97976817F}.Debug|Any CPU.ActiveCfg = Debug|Any CPU
		{0C43E0FC-C305-4665-B748-2DB97976817F}.Debug|Any CPU.Build.0 = Debug|Any CPU
		{0C43E0FC-C305-4665-B748-2DB97976817F}.Release|Any CPU.ActiveCfg = Release|Any CPU
		{0C43E0FC-C305-4665-B748-2DB97976817F}.Release|Any CPU.Build.0 = Release|Any CPU
		{393A307D-B654-4112-B94C-7388AADE9EAD}.Debug|Any CPU.ActiveCfg = Debug|Any CPU
		{393A307D-B654-4112-B94C-7388AADE9EAD}.Debug|Any CPU.Build.0 = Debug|Any CPU
		{393A307D-B654-4112-B94C-7388AADE9EAD}.Release|Any CPU.ActiveCfg = Release|Any CPU
		{393A307D-B654-4112-B94C-7388AADE9EAD}.Release|Any CPU.Build.0 = Release|Any CPU
		{4AD521ED-3A17-4A9A-9279-3A93F46D9D93}.Debug|Any CPU.ActiveCfg = Debug|Any CPU
		{4AD521ED-3A17-4A9A-9279-3A93F46D9D93}.Debug|Any CPU.Build.0 = Debug|Any CPU
		{4AD521ED-3A17-4A9A-9279-3A93F46D9D93}.Release|Any CPU.ActiveCfg = Release|Any CPU
		{4AD521ED-3A17-4A9A-9279-3A93F46D9D93}.Release|Any CPU.Build.0 = Release|Any CPU
		{E180F714-7529-4727-B082-715A08AB3681}.Debug|Any CPU.ActiveCfg = Debug|Any CPU
		{E180F714-7529-4727-B082-715A08AB3681}.Debug|Any CPU.Build.0 = Debug|Any CPU
		{E180F714-7529-4727-B082-715A08AB3681}.Release|Any CPU.ActiveCfg = Release|Any CPU
		{E180F714-7529-4727-B082-715A08AB3681}.Release|Any CPU.Build.0 = Release|Any CPU
		{A787E354-2339-4834-B6A9-FB495E2BF362}.Debug|Any CPU.ActiveCfg = Debug|Any CPU
		{A787E354-2339-4834-B6A9-FB495E2BF362}.Debug|Any CPU.Build.0 = Debug|Any CPU
		{A787E354-2339-4834-B6A9-FB495E2BF362}.Release|Any CPU.ActiveCfg = Release|Any CPU
		{A787E354-2339-4834-B6A9-FB495E2BF362}.Release|Any CPU.Build.0 = Release|Any CPU
		{F1AF2B6D-BF02-4846-88E3-823AF9D833C4}.Debug|Any CPU.ActiveCfg = Debug|Any CPU
		{F1AF2B6D-BF02-4846-88E3-823AF9D833C4}.Debug|Any CPU.Build.0 = Debug|Any CPU
		{F1AF2B6D-BF02-4846-88E3-823AF9D833C4}.Release|Any CPU.ActiveCfg = Release|Any CPU
		{F1AF2B6D-BF02-4846-88E3-823AF9D833C4}.Release|Any CPU.Build.0 = Release|Any CPU
		{864E7FEB-D232-4B94-924A-CE601AC6409F}.Debug|Any CPU.ActiveCfg = Debug|Any CPU
		{864E7FEB-D232-4B94-924A-CE601AC6409F}.Debug|Any CPU.Build.0 = Debug|Any CPU
		{864E7FEB-D232-4B94-924A-CE601AC6409F}.Release|Any CPU.ActiveCfg = Release|Any CPU
		{864E7FEB-D232-4B94-924A-CE601AC6409F}.Release|Any CPU.Build.0 = Release|Any CPU
		{D8068C2E-5257-4977-ACC7-433C35338ED8}.Debug|Any CPU.ActiveCfg = Debug|Any CPU
		{D8068C2E-5257-4977-ACC7-433C35338ED8}.Debug|Any CPU.Build.0 = Debug|Any CPU
		{D8068C2E-5257-4977-ACC7-433C35338ED8}.Release|Any CPU.ActiveCfg = Release|Any CPU
		{D8068C2E-5257-4977-ACC7-433C35338ED8}.Release|Any CPU.Build.0 = Release|Any CPU
		{0A39B37F-0AE3-4ACA-BFAB-393E633EC54A}.Debug|Any CPU.ActiveCfg = Debug|Any CPU
		{0A39B37F-0AE3-4ACA-BFAB-393E633EC54A}.Debug|Any CPU.Build.0 = Debug|Any CPU
		{0A39B37F-0AE3-4ACA-BFAB-393E633EC54A}.Release|Any CPU.ActiveCfg = Release|Any CPU
		{0A39B37F-0AE3-4ACA-BFAB-393E633EC54A}.Release|Any CPU.Build.0 = Release|Any CPU
		{B7C31A14-EDCE-4B2F-A9CB-B4BAB1394B26}.Debug|Any CPU.ActiveCfg = Debug|Any CPU
		{B7C31A14-EDCE-4B2F-A9CB-B4BAB1394B26}.Debug|Any CPU.Build.0 = Debug|Any CPU
		{B7C31A14-EDCE-4B2F-A9CB-B4BAB1394B26}.Release|Any CPU.ActiveCfg = Release|Any CPU
		{B7C31A14-EDCE-4B2F-A9CB-B4BAB1394B26}.Release|Any CPU.Build.0 = Release|Any CPU
		{782D187F-1894-48E0-BE16-85C7543936AD}.Debug|Any CPU.ActiveCfg = Debug|Any CPU
		{782D187F-1894-48E0-BE16-85C7543936AD}.Debug|Any CPU.Build.0 = Debug|Any CPU
		{782D187F-1894-48E0-BE16-85C7543936AD}.Release|Any CPU.ActiveCfg = Release|Any CPU
		{782D187F-1894-48E0-BE16-85C7543936AD}.Release|Any CPU.Build.0 = Release|Any CPU
		{C5779243-E807-4228-9B67-932489D7DC35}.Debug|Any CPU.ActiveCfg = Debug|Any CPU
		{C5779243-E807-4228-9B67-932489D7DC35}.Debug|Any CPU.Build.0 = Debug|Any CPU
		{C5779243-E807-4228-9B67-932489D7DC35}.Release|Any CPU.ActiveCfg = Release|Any CPU
		{C5779243-E807-4228-9B67-932489D7DC35}.Release|Any CPU.Build.0 = Release|Any CPU
		{2CF2CDCC-5F8D-42A6-A853-7DA251854B5D}.Debug|Any CPU.ActiveCfg = Debug|Any CPU
		{2CF2CDCC-5F8D-42A6-A853-7DA251854B5D}.Debug|Any CPU.Build.0 = Debug|Any CPU
		{2CF2CDCC-5F8D-42A6-A853-7DA251854B5D}.Release|Any CPU.ActiveCfg = Release|Any CPU
		{2CF2CDCC-5F8D-42A6-A853-7DA251854B5D}.Release|Any CPU.Build.0 = Release|Any CPU
	EndGlobalSection
	GlobalSection(SolutionProperties) = preSolution
		HideSolutionNode = FALSE
	EndGlobalSection
	GlobalSection(NestedProjects) = preSolution
		{F96DC03F-654E-4BD5-9008-6080730DAC92} = {B14B79E9-FD44-4AD6-8D13-9D7CEA08D2D6}
		{0C43E0FC-C305-4665-B748-2DB97976817F} = {F96DC03F-654E-4BD5-9008-6080730DAC92}
		{393A307D-B654-4112-B94C-7388AADE9EAD} = {F96DC03F-654E-4BD5-9008-6080730DAC92}
		{25A4378D-162F-42F1-8990-A0D225F93C91} = {B14B79E9-FD44-4AD6-8D13-9D7CEA08D2D6}
		{4AD521ED-3A17-4A9A-9279-3A93F46D9D93} = {25A4378D-162F-42F1-8990-A0D225F93C91}
		{D8068C2E-5257-4977-ACC7-433C35338ED8} = {25A4378D-162F-42F1-8990-A0D225F93C91}
		{0A39B37F-0AE3-4ACA-BFAB-393E633EC54A} = {C9CA31B3-EA45-4B5E-A032-02599EDBBA94}
		{B7C31A14-EDCE-4B2F-A9CB-B4BAB1394B26} = {C9CA31B3-EA45-4B5E-A032-02599EDBBA94}
		{782D187F-1894-48E0-BE16-85C7543936AD} = {C9CA31B3-EA45-4B5E-A032-02599EDBBA94}
		{C5779243-E807-4228-9B67-932489D7DC35} = {C9CA31B3-EA45-4B5E-A032-02599EDBBA94}
		{2CF2CDCC-5F8D-42A6-A853-7DA251854B5D} = {A0A43570-A054-425E-AEFA-6C462E5781CB}
	EndGlobalSection
	GlobalSection(ExtensibilityGlobals) = postSolution
		SolutionGuid = {F38AE367-2076-4830-9FCF-3B9050375FFF}
	EndGlobalSection
EndGlobal
